
Microsoft Visual Studio Solution File, Format Version 12.00
# Visual Studio 15
VisualStudioVersion = 15.0.27004.2002
MinimumVisualStudioVersion = 10.0.40219.1
Project("{FAE04EC0-301F-11D3-BF4B-00C04F79EFBC}") = "GalaxyExplorer", "GalaxyExplorer\GalaxyExplorer.csproj", "{13A45C13-3265-47B8-BC48-A553B569DF55}"
EndProject
Project("{FAE04EC0-301F-11D3-BF4B-00C04F79EFBC}") = "Assembly-CSharp", "D:\Users\arnau\Documents\School\Projecten 17_18\NGUI\GalaxyExplorer\UWP\GeneratedProjects\UWP\Assembly-CSharp\Assembly-CSharp.csproj", "{F769AB09-3B55-46A8-B6D2-1B510A23FA7B}"
EndProject
Project("{FAE04EC0-301F-11D3-BF4B-00C04F79EFBC}") = "Assembly-CSharp-firstpass", "D:\Users\arnau\Documents\School\Projecten 17_18\NGUI\GalaxyExplorer\UWP\GeneratedProjects\UWP\Assembly-CSharp-firstpass\Assembly-CSharp-firstpass.csproj", "{50990E8D-8007-4305-85DD-48E29951DB20}"
EndProject
Global
	GlobalSection(SolutionConfigurationPlatforms) = preSolution
		Debug|ARM = Debug|ARM
		Debug|x64 = Debug|x64
		Debug|x86 = Debug|x86
		Master|ARM = Master|ARM
		Master|x64 = Master|x64
		Master|x86 = Master|x86
		Release|ARM = Release|ARM
		Release|x64 = Release|x64
		Release|x86 = Release|x86
	EndGlobalSection
	GlobalSection(ProjectConfigurationPlatforms) = postSolution
		{13A45C13-3265-47B8-BC48-A553B569DF55}.Debug|ARM.ActiveCfg = Debug|ARM
		{13A45C13-3265-47B8-BC48-A553B569DF55}.Debug|ARM.Build.0 = Debug|ARM
		{13A45C13-3265-47B8-BC48-A553B569DF55}.Debug|ARM.Deploy.0 = Debug|ARM
		{13A45C13-3265-47B8-BC48-A553B569DF55}.Debug|x64.ActiveCfg = Debug|x64
		{13A45C13-3265-47B8-BC48-A553B569DF55}.Debug|x64.Build.0 = Debug|x64
		{13A45C13-3265-47B8-BC48-A553B569DF55}.Debug|x64.Deploy.0 = Debug|x64
		{13A45C13-3265-47B8-BC48-A553B569DF55}.Debug|x86.ActiveCfg = Debug|x86
		{13A45C13-3265-47B8-BC48-A553B569DF55}.Debug|x86.Build.0 = Debug|x86
		{13A45C13-3265-47B8-BC48-A553B569DF55}.Debug|x86.Deploy.0 = Debug|x86
		{13A45C13-3265-47B8-BC48-A553B569DF55}.Master|ARM.ActiveCfg = Master|ARM
		{13A45C13-3265-47B8-BC48-A553B569DF55}.Master|ARM.Build.0 = Master|ARM
		{13A45C13-3265-47B8-BC48-A553B569DF55}.Master|ARM.Deploy.0 = Master|ARM
		{13A45C13-3265-47B8-BC48-A553B569DF55}.Master|x64.ActiveCfg = Master|x64
		{13A45C13-3265-47B8-BC48-A553B569DF55}.Master|x64.Build.0 = Master|x64
		{13A45C13-3265-47B8-BC48-A553B569DF55}.Master|x64.Deploy.0 = Master|x64
		{13A45C13-3265-47B8-BC48-A553B569DF55}.Master|x86.ActiveCfg = Master|x86
		{13A45C13-3265-47B8-BC48-A553B569DF55}.Master|x86.Build.0 = Master|x86
		{13A45C13-3265-47B8-BC48-A553B569DF55}.Master|x86.Deploy.0 = Master|x86
		{13A45C13-3265-47B8-BC48-A553B569DF55}.Release|ARM.ActiveCfg = Release|ARM
		{13A45C13-3265-47B8-BC48-A553B569DF55}.Release|ARM.Build.0 = Release|ARM
		{13A45C13-3265-47B8-BC48-A553B569DF55}.Release|ARM.Deploy.0 = Release|ARM
		{13A45C13-3265-47B8-BC48-A553B569DF55}.Release|x64.ActiveCfg = Release|x64
		{13A45C13-3265-47B8-BC48-A553B569DF55}.Release|x64.Build.0 = Release|x64
		{13A45C13-3265-47B8-BC48-A553B569DF55}.Release|x64.Deploy.0 = Release|x64
		{13A45C13-3265-47B8-BC48-A553B569DF55}.Release|x86.ActiveCfg = Release|x86
		{13A45C13-3265-47B8-BC48-A553B569DF55}.Release|x86.Build.0 = Release|x86
		{13A45C13-3265-47B8-BC48-A553B569DF55}.Release|x86.Deploy.0 = Release|x86
		{F769AB09-3B55-46A8-B6D2-1B510A23FA7B}.Debug|ARM.ActiveCfg = Debug|ARM
		{F769AB09-3B55-46A8-B6D2-1B510A23FA7B}.Debug|ARM.Build.0 = Debug|ARM
		{F769AB09-3B55-46A8-B6D2-1B510A23FA7B}.Debug|x64.ActiveCfg = Debug|x64
		{F769AB09-3B55-46A8-B6D2-1B510A23FA7B}.Debug|x64.Build.0 = Debug|x64
		{F769AB09-3B55-46A8-B6D2-1B510A23FA7B}.Debug|x86.ActiveCfg = Debug|x86
		{F769AB09-3B55-46A8-B6D2-1B510A23FA7B}.Debug|x86.Build.0 = Debug|x86
		{F769AB09-3B55-46A8-B6D2-1B510A23FA7B}.Master|ARM.ActiveCfg = Master|ARM
		{F769AB09-3B55-46A8-B6D2-1B510A23FA7B}.Master|ARM.Build.0 = Master|ARM
		{F769AB09-3B55-46A8-B6D2-1B510A23FA7B}.Master|x64.ActiveCfg = Master|x64
		{F769AB09-3B55-46A8-B6D2-1B510A23FA7B}.Master|x64.Build.0 = Master|x64
		{F769AB09-3B55-46A8-B6D2-1B510A23FA7B}.Master|x86.ActiveCfg = Master|x86
		{F769AB09-3B55-46A8-B6D2-1B510A23FA7B}.Master|x86.Build.0 = Master|x86
		{F769AB09-3B55-46A8-B6D2-1B510A23FA7B}.Release|ARM.ActiveCfg = Release|ARM
		{F769AB09-3B55-46A8-B6D2-1B510A23FA7B}.Release|ARM.Build.0 = Release|ARM
		{F769AB09-3B55-46A8-B6D2-1B510A23FA7B}.Release|x64.ActiveCfg = Release|x64
		{F769AB09-3B55-46A8-B6D2-1B510A23FA7B}.Release|x64.Build.0 = Release|x64
		{F769AB09-3B55-46A8-B6D2-1B510A23FA7B}.Release|x86.ActiveCfg = Release|x86
		{F769AB09-3B55-46A8-B6D2-1B510A23FA7B}.Release|x86.Build.0 = Release|x86
		{50990E8D-8007-4305-85DD-48E29951DB20}.Debug|ARM.ActiveCfg = Debug|ARM
		{50990E8D-8007-4305-85DD-48E29951DB20}.Debug|ARM.Build.0 = Debug|ARM
		{50990E8D-8007-4305-85DD-48E29951DB20}.Debug|x64.ActiveCfg = Debug|x64
		{50990E8D-8007-4305-85DD-48E29951DB20}.Debug|x64.Build.0 = Debug|x64
		{50990E8D-8007-4305-85DD-48E29951DB20}.Debug|x86.ActiveCfg = Debug|x86
		{50990E8D-8007-4305-85DD-48E29951DB20}.Debug|x86.Build.0 = Debug|x86
		{50990E8D-8007-4305-85DD-48E29951DB20}.Master|ARM.ActiveCfg = Master|ARM
		{50990E8D-8007-4305-85DD-48E29951DB20}.Master|ARM.Build.0 = Master|ARM
		{50990E8D-8007-4305-85DD-48E29951DB20}.Master|x64.ActiveCfg = Master|x64
		{50990E8D-8007-4305-85DD-48E29951DB20}.Master|x64.Build.0 = Master|x64
		{50990E8D-8007-4305-85DD-48E29951DB20}.Master|x86.ActiveCfg = Master|x86
		{50990E8D-8007-4305-85DD-48E29951DB20}.Master|x86.Build.0 = Master|x86
		{50990E8D-8007-4305-85DD-48E29951DB20}.Release|ARM.ActiveCfg = Release|ARM
		{50990E8D-8007-4305-85DD-48E29951DB20}.Release|ARM.Build.0 = Release|ARM
		{50990E8D-8007-4305-85DD-48E29951DB20}.Release|x64.ActiveCfg = Release|x64
		{50990E8D-8007-4305-85DD-48E29951DB20}.Release|x64.Build.0 = Release|x64
		{50990E8D-8007-4305-85DD-48E29951DB20}.Release|x86.ActiveCfg = Release|x86
		{50990E8D-8007-4305-85DD-48E29951DB20}.Release|x86.Build.0 = Release|x86
	EndGlobalSection
	GlobalSection(SolutionProperties) = preSolution
		HideSolutionNode = FALSE
	EndGlobalSection
	GlobalSection(ExtensibilityGlobals) = postSolution
		SolutionGuid = {03FCFDB5-0683-4BD5-B837-12BEE47048BD}
	EndGlobalSection
EndGlobal
